
Microsoft Visual Studio Solution File, Format Version 12.00
# Visual Studio 15
VisualStudioVersion = 15.0.27428.2043
MinimumVisualStudioVersion = 10.0.40219.1
Project("{FAE04EC0-301F-11D3-BF4B-00C04F79EFBC}") = "ToDoDelete2", "ToDoDelete2\ToDoDelete2.csproj", "{9A3CE3B2-8F8B-4DCF-A98F-E088F3D6C003}"
EndProject
Global
	GlobalSection(SolutionConfigurationPlatforms) = preSolution
		Debug|Any CPU = Debug|Any CPU
		Release|Any CPU = Release|Any CPU
	EndGlobalSection
	GlobalSection(ProjectConfigurationPlatforms) = postSolution
		{9A3CE3B2-8F8B-4DCF-A98F-E088F3D6C003}.Debug|Any CPU.ActiveCfg = Debug|Any CPU
		{9A3CE3B2-8F8B-4DCF-A98F-E088F3D6C003}.Debug|Any CPU.Build.0 = Debug|Any CPU
		{9A3CE3B2-8F8B-4DCF-A98F-E088F3D6C003}.Release|Any CPU.ActiveCfg = Release|Any CPU
		{9A3CE3B2-8F8B-4DCF-A98F-E088F3D6C003}.Release|Any CPU.Build.0 = Release|Any CPU
	EndGlobalSection
	GlobalSection(SolutionProperties) = preSolution
		HideSolutionNode = FALSE
	EndGlobalSection
	GlobalSection(ExtensibilityGlobals) = postSolution
		SolutionGuid = {D0A37668-C7C8-4BC1-831B-D08550FAEFDF}
	EndGlobalSection
EndGlobal
